
Microsoft Visual Studio Solution File, Format Version 12.00
# Visual Studio Version 16
VisualStudioVersion = 16.0.29201.188
MinimumVisualStudioVersion = 10.0.40219.1
Project("{9A19103F-16F7-4668-BE54-9A1E7A4F7556}") = "Jogo de Xadrez", "Jogo de Xadrez\Jogo de Xadrez.csproj", "{BBBC6970-EB3E-459A-9001-FD77A3CD51F6}"
EndProject
Global
	GlobalSection(SolutionConfigurationPlatforms) = preSolution
		Debug|Any CPU = Debug|Any CPU
		Release|Any CPU = Release|Any CPU
	EndGlobalSection
	GlobalSection(ProjectConfigurationPlatforms) = postSolution
		{BBBC6970-EB3E-459A-9001-FD77A3CD51F6}.Debug|Any CPU.ActiveCfg = Debug|Any CPU
		{BBBC6970-EB3E-459A-9001-FD77A3CD51F6}.Debug|Any CPU.Build.0 = Debug|Any CPU
		{BBBC6970-EB3E-459A-9001-FD77A3CD51F6}.Release|Any CPU.ActiveCfg = Release|Any CPU
		{BBBC6970-EB3E-459A-9001-FD77A3CD51F6}.Release|Any CPU.Build.0 = Release|Any CPU
	EndGlobalSection
	GlobalSection(SolutionProperties) = preSolution
		HideSolutionNode = FALSE
	EndGlobalSection
	GlobalSection(ExtensibilityGlobals) = postSolution
		SolutionGuid = {2CA1BF7A-6650-4D0F-B60B-60775BBB1CBE}
	EndGlobalSection
EndGlobal
